
Microsoft Visual Studio Solution File, Format Version 12.00
# Visual Studio Version 16
VisualStudioVersion = 16.0.31410.357
MinimumVisualStudioVersion = 10.0.40219.1
Project("{FAE04EC0-301F-11D3-BF4B-00C04F79EFBC}") = "JBoxInvoker", "JBoxInvoker\JBoxInvoker.csproj", "{E4508BD6-9045-4840-A659-BE40CC205C78}"
EndProject
Global
	GlobalSection(SolutionConfigurationPlatforms) = preSolution
		Debug|Any CPU = Debug|Any CPU
		Release|Any CPU = Release|Any CPU
	EndGlobalSection
	GlobalSection(ProjectConfigurationPlatforms) = postSolution
		{E4508BD6-9045-4840-A659-BE40CC205C78}.Debug|Any CPU.ActiveCfg = Debug|Any CPU
		{E4508BD6-9045-4840-A659-BE40CC205C78}.Debug|Any CPU.Build.0 = Debug|Any CPU
		{E4508BD6-9045-4840-A659-BE40CC205C78}.Release|Any CPU.ActiveCfg = Release|Any CPU
		{E4508BD6-9045-4840-A659-BE40CC205C78}.Release|Any CPU.Build.0 = Release|Any CPU
	EndGlobalSection
	GlobalSection(SolutionProperties) = preSolution
		HideSolutionNode = FALSE
	EndGlobalSection
	GlobalSection(ExtensibilityGlobals) = postSolution
		SolutionGuid = {E9FF76CD-E2BD-4A81-93B6-6EBCF2CEC566}
	EndGlobalSection
EndGlobal
