
Microsoft Visual Studio Solution File, Format Version 12.00
# Visual Studio Version 16
VisualStudioVersion = 16.0.31410.357
MinimumVisualStudioVersion = 10.0.40219.1
Project("{2150E333-8FDC-42A3-9474-1A3956D46DE8}") = "PassThru Logic", "PassThru Logic", "{E8D72138-4FA8-453E-A1BF-081B11B21571}"
EndProject
Project("{FAE04EC0-301F-11D3-BF4B-00C04F79EFBC}") = "SharpWrap2534", "J2534 Invokers\JBoxInvoker\SharpWrap2534.csproj", "{E4508BD6-9045-4840-A659-BE40CC205C78}"
EndProject
Project("{FAE04EC0-301F-11D3-BF4B-00C04F79EFBC}") = "SharpWrap2534Tests", "Unit Testing\JBoxInvoker - Tests\SharpWrap2534Tests.csproj", "{E3479A59-E1E6-4962-A980-46A0B08D3A86}"
EndProject
Global
	GlobalSection(SolutionConfigurationPlatforms) = preSolution
		Debug|Any CPU = Debug|Any CPU
		Release|Any CPU = Release|Any CPU
	EndGlobalSection
	GlobalSection(ProjectConfigurationPlatforms) = postSolution
		{E4508BD6-9045-4840-A659-BE40CC205C78}.Debug|Any CPU.ActiveCfg = Debug|Any CPU
		{E4508BD6-9045-4840-A659-BE40CC205C78}.Debug|Any CPU.Build.0 = Debug|Any CPU
		{E4508BD6-9045-4840-A659-BE40CC205C78}.Release|Any CPU.ActiveCfg = Release|Any CPU
		{E4508BD6-9045-4840-A659-BE40CC205C78}.Release|Any CPU.Build.0 = Release|Any CPU
		{E3479A59-E1E6-4962-A980-46A0B08D3A86}.Debug|Any CPU.ActiveCfg = Debug|Any CPU
		{E3479A59-E1E6-4962-A980-46A0B08D3A86}.Debug|Any CPU.Build.0 = Debug|Any CPU
		{E3479A59-E1E6-4962-A980-46A0B08D3A86}.Release|Any CPU.ActiveCfg = Release|Any CPU
		{E3479A59-E1E6-4962-A980-46A0B08D3A86}.Release|Any CPU.Build.0 = Release|Any CPU
	EndGlobalSection
	GlobalSection(SolutionProperties) = preSolution
		HideSolutionNode = FALSE
	EndGlobalSection
	GlobalSection(NestedProjects) = preSolution
		{E4508BD6-9045-4840-A659-BE40CC205C78} = {E8D72138-4FA8-453E-A1BF-081B11B21571}
		{E3479A59-E1E6-4962-A980-46A0B08D3A86} = {E8D72138-4FA8-453E-A1BF-081B11B21571}
	EndGlobalSection
	GlobalSection(ExtensibilityGlobals) = postSolution
		SolutionGuid = {E9FF76CD-E2BD-4A81-93B6-6EBCF2CEC566}
	EndGlobalSection
EndGlobal
