
Microsoft Visual Studio Solution File, Format Version 12.00
# Visual Studio Version 16
VisualStudioVersion = 16.0.31410.357
MinimumVisualStudioVersion = 10.0.40219.1
Project("{FAE04EC0-301F-11D3-BF4B-00C04F79EFBC}") = "SharpWrap2534", "SharpWrapper\SharpWrap2534.csproj", "{E4508BD6-9045-4840-A659-BE40CC205C78}"
EndProject
Project("{2150E333-8FDC-42A3-9474-1A3956D46DE8}") = "Extensions", "Extensions", "{A0E99799-02A6-4A90-ACF9-594AE69FBE67}"
EndProject
Project("{2150E333-8FDC-42A3-9474-1A3956D46DE8}") = "UnitTests", "UnitTests", "{B6099884-8A36-4D3F-918B-E547FB010DD5}"
EndProject
Project("{FAE04EC0-301F-11D3-BF4B-00C04F79EFBC}") = "SharpWrapperTests", "SharpWrapperTests\SharpWrap2534Tests\SharpWrapperTests.csproj", "{50E61718-9DFE-4C33-9C5A-C8BE1E91E851}"
EndProject
Project("{FAE04EC0-301F-11D3-BF4B-00C04F79EFBC}") = "SharpAutoIdTests", "SharpWrapperTests\SharpAutoIdTests\SharpAutoIdTests.csproj", "{A9771BD6-6FE3-4D4E-9253-59E2452F8947}"
EndProject
Project("{FAE04EC0-301F-11D3-BF4B-00C04F79EFBC}") = "SharpAutoId", "SharpWrapperExtensions\SharpAutoId\SharpAutoId.csproj", "{D3BCD896-7593-4CD8-94B5-7636D4061A00}"
EndProject
Project("{FAE04EC0-301F-11D3-BF4B-00C04F79EFBC}") = "SharpSimulator", "SharpWrapperExtensions\SharpSimLoader\SharpSimulator.csproj", "{0A39E208-7927-41BC-A509-39E60B287969}"
EndProject
Project("{FAE04EC0-301F-11D3-BF4B-00C04F79EFBC}") = "SharpSimulatorTests", "SharpWrapperTests\SharpSimulatorTests\SharpSimulatorTests.csproj", "{1D0B8238-B3D9-47D7-B12F-B53102FDC024}"
EndProject
Global
	GlobalSection(SolutionConfigurationPlatforms) = preSolution
		Debug|Any CPU = Debug|Any CPU
		Release|Any CPU = Release|Any CPU
	EndGlobalSection
	GlobalSection(ProjectConfigurationPlatforms) = postSolution
		{E4508BD6-9045-4840-A659-BE40CC205C78}.Debug|Any CPU.ActiveCfg = Debug|Any CPU
		{E4508BD6-9045-4840-A659-BE40CC205C78}.Debug|Any CPU.Build.0 = Debug|Any CPU
		{E4508BD6-9045-4840-A659-BE40CC205C78}.Release|Any CPU.ActiveCfg = Release|Any CPU
		{E4508BD6-9045-4840-A659-BE40CC205C78}.Release|Any CPU.Build.0 = Release|Any CPU
		{50E61718-9DFE-4C33-9C5A-C8BE1E91E851}.Debug|Any CPU.ActiveCfg = Debug|Any CPU
		{50E61718-9DFE-4C33-9C5A-C8BE1E91E851}.Debug|Any CPU.Build.0 = Debug|Any CPU
		{50E61718-9DFE-4C33-9C5A-C8BE1E91E851}.Release|Any CPU.ActiveCfg = Release|Any CPU
		{50E61718-9DFE-4C33-9C5A-C8BE1E91E851}.Release|Any CPU.Build.0 = Release|Any CPU
		{A9771BD6-6FE3-4D4E-9253-59E2452F8947}.Debug|Any CPU.ActiveCfg = Debug|Any CPU
		{A9771BD6-6FE3-4D4E-9253-59E2452F8947}.Debug|Any CPU.Build.0 = Debug|Any CPU
		{A9771BD6-6FE3-4D4E-9253-59E2452F8947}.Release|Any CPU.ActiveCfg = Release|Any CPU
		{A9771BD6-6FE3-4D4E-9253-59E2452F8947}.Release|Any CPU.Build.0 = Release|Any CPU
		{D3BCD896-7593-4CD8-94B5-7636D4061A00}.Debug|Any CPU.ActiveCfg = Debug|Any CPU
		{D3BCD896-7593-4CD8-94B5-7636D4061A00}.Debug|Any CPU.Build.0 = Debug|Any CPU
		{D3BCD896-7593-4CD8-94B5-7636D4061A00}.Release|Any CPU.ActiveCfg = Release|Any CPU
		{D3BCD896-7593-4CD8-94B5-7636D4061A00}.Release|Any CPU.Build.0 = Release|Any CPU
		{0A39E208-7927-41BC-A509-39E60B287969}.Debug|Any CPU.ActiveCfg = Debug|Any CPU
		{0A39E208-7927-41BC-A509-39E60B287969}.Debug|Any CPU.Build.0 = Debug|Any CPU
		{0A39E208-7927-41BC-A509-39E60B287969}.Release|Any CPU.ActiveCfg = Release|Any CPU
		{0A39E208-7927-41BC-A509-39E60B287969}.Release|Any CPU.Build.0 = Release|Any CPU
		{1D0B8238-B3D9-47D7-B12F-B53102FDC024}.Debug|Any CPU.ActiveCfg = Debug|Any CPU
		{1D0B8238-B3D9-47D7-B12F-B53102FDC024}.Debug|Any CPU.Build.0 = Debug|Any CPU
		{1D0B8238-B3D9-47D7-B12F-B53102FDC024}.Release|Any CPU.ActiveCfg = Release|Any CPU
		{1D0B8238-B3D9-47D7-B12F-B53102FDC024}.Release|Any CPU.Build.0 = Release|Any CPU
	EndGlobalSection
	GlobalSection(SolutionProperties) = preSolution
		HideSolutionNode = FALSE
	EndGlobalSection
	GlobalSection(NestedProjects) = preSolution
		{50E61718-9DFE-4C33-9C5A-C8BE1E91E851} = {B6099884-8A36-4D3F-918B-E547FB010DD5}
		{A9771BD6-6FE3-4D4E-9253-59E2452F8947} = {B6099884-8A36-4D3F-918B-E547FB010DD5}
		{D3BCD896-7593-4CD8-94B5-7636D4061A00} = {A0E99799-02A6-4A90-ACF9-594AE69FBE67}
		{0A39E208-7927-41BC-A509-39E60B287969} = {A0E99799-02A6-4A90-ACF9-594AE69FBE67}
		{1D0B8238-B3D9-47D7-B12F-B53102FDC024} = {B6099884-8A36-4D3F-918B-E547FB010DD5}
	EndGlobalSection
	GlobalSection(ExtensibilityGlobals) = postSolution
		SolutionGuid = {E9FF76CD-E2BD-4A81-93B6-6EBCF2CEC566}
	EndGlobalSection
EndGlobal
