
Microsoft Visual Studio Solution File, Format Version 12.00
# Visual Studio Version 17
VisualStudioVersion = 17.2.32630.192
MinimumVisualStudioVersion = 10.0.40219.1
Project("{FAE04EC0-301F-11D3-BF4B-00C04F79EFBC}") = "SharpWrapper", "SharpWrapper\SharpWrapper.csproj", "{E4508BD6-9045-4840-A659-BE40CC205C78}"
EndProject
Project("{2150E333-8FDC-42A3-9474-1A3956D46DE8}") = "SharpWrapper - Extensions", "SharpWrapper - Extensions", "{A0E99799-02A6-4A90-ACF9-594AE69FBE67}"
EndProject
Project("{2150E333-8FDC-42A3-9474-1A3956D46DE8}") = "SharpWrapper - Tests", "SharpWrapper - Tests", "{FC3F8872-CBA8-42C0-BD8E-8F8A946CBC50}"
EndProject
Project("{FAE04EC0-301F-11D3-BF4B-00C04F79EFBC}") = "SharpAutoId", "SharpWrapper - Extensions\SharpAutoId\SharpAutoId.csproj", "{D3BCD896-7593-4CD8-94B5-7636D4061A00}"
EndProject
Project("{FAE04EC0-301F-11D3-BF4B-00C04F79EFBC}") = "SharpExpressions", "SharpWrapper - Extensions\SharpExpressions\SharpExpressions.csproj", "{D7F2FBA3-281E-432D-96D8-7E6FBF1147F7}"
EndProject
Project("{FAE04EC0-301F-11D3-BF4B-00C04F79EFBC}") = "SharpSimulator", "SharpWrapper - Extensions\SharpSimulator\SharpSimulator.csproj", "{0A39E208-7927-41BC-A509-39E60B287969}"
EndProject
Project("{FAE04EC0-301F-11D3-BF4B-00C04F79EFBC}") = "SharpAutoId", "SharpWrapper - Tests\SharpAutoId\SharpAutoId.csproj", "{167A7663-207A-4584-A0EB-56AF43455AA1}"
EndProject
Project("{FAE04EC0-301F-11D3-BF4B-00C04F79EFBC}") = "SharpWrapper", "SharpWrapper - Tests\SharpWrapper\SharpWrapper.csproj", "{CDC4ACEF-51D4-4502-9C38-F0809959B394}"
EndProject
Project("{FAE04EC0-301F-11D3-BF4B-00C04F79EFBC}") = "SharpSimulator", "SharpWrapper - Tests\SharpSimulator\SharpSimulator.csproj", "{0BB15B31-824E-4D86-8D4B-8985B36D9890}"
EndProject
Project("{FAE04EC0-301F-11D3-BF4B-00C04F79EFBC}") = "SharpExpressions", "SharpWrapper - Tests\SharpExpressions\SharpExpressions.csproj", "{1CFAA111-7BBF-4E28-8088-D0967F25C502}"
EndProject
Project("{FAE04EC0-301F-11D3-BF4B-00C04F79EFBC}") = "SharpPipes", "SharpWrapper - Tests\SharpPipes\SharpPipes.csproj", "{5BE825E4-57B9-442A-BBF2-289F7940028E}"
EndProject
Project("{FAE04EC0-301F-11D3-BF4B-00C04F79EFBC}") = "SharpPipes", "SharpWrapper - Extensions\SharpPipes\SharpPipes.csproj", "{E43E4328-FFC8-499C-B1F1-19160101E9D3}"
EndProject
Project("{FAE04EC0-301F-11D3-BF4B-00C04F79EFBC}") = "SharpSupport", "SharpWrapper - Extensions\SharpSupport\SharpSupport.csproj", "{C23C0E3C-7B15-47AF-B358-77592BACEEAF}"
EndProject
Global
	GlobalSection(SolutionConfigurationPlatforms) = preSolution
		Debug|Any CPU = Debug|Any CPU
		Release|Any CPU = Release|Any CPU
	EndGlobalSection
	GlobalSection(ProjectConfigurationPlatforms) = postSolution
		{E4508BD6-9045-4840-A659-BE40CC205C78}.Debug|Any CPU.ActiveCfg = Debug|Any CPU
		{E4508BD6-9045-4840-A659-BE40CC205C78}.Debug|Any CPU.Build.0 = Debug|Any CPU
		{E4508BD6-9045-4840-A659-BE40CC205C78}.Release|Any CPU.ActiveCfg = Release|Any CPU
		{E4508BD6-9045-4840-A659-BE40CC205C78}.Release|Any CPU.Build.0 = Release|Any CPU
		{D3BCD896-7593-4CD8-94B5-7636D4061A00}.Debug|Any CPU.ActiveCfg = Debug|Any CPU
		{D3BCD896-7593-4CD8-94B5-7636D4061A00}.Debug|Any CPU.Build.0 = Debug|Any CPU
		{D3BCD896-7593-4CD8-94B5-7636D4061A00}.Release|Any CPU.ActiveCfg = Release|Any CPU
		{D3BCD896-7593-4CD8-94B5-7636D4061A00}.Release|Any CPU.Build.0 = Release|Any CPU
		{D7F2FBA3-281E-432D-96D8-7E6FBF1147F7}.Debug|Any CPU.ActiveCfg = Debug|Any CPU
		{D7F2FBA3-281E-432D-96D8-7E6FBF1147F7}.Debug|Any CPU.Build.0 = Debug|Any CPU
		{D7F2FBA3-281E-432D-96D8-7E6FBF1147F7}.Release|Any CPU.ActiveCfg = Release|Any CPU
		{D7F2FBA3-281E-432D-96D8-7E6FBF1147F7}.Release|Any CPU.Build.0 = Release|Any CPU
		{0A39E208-7927-41BC-A509-39E60B287969}.Debug|Any CPU.ActiveCfg = Debug|Any CPU
		{0A39E208-7927-41BC-A509-39E60B287969}.Debug|Any CPU.Build.0 = Debug|Any CPU
		{0A39E208-7927-41BC-A509-39E60B287969}.Release|Any CPU.ActiveCfg = Release|Any CPU
		{0A39E208-7927-41BC-A509-39E60B287969}.Release|Any CPU.Build.0 = Release|Any CPU
		{167A7663-207A-4584-A0EB-56AF43455AA1}.Debug|Any CPU.ActiveCfg = Debug|Any CPU
		{167A7663-207A-4584-A0EB-56AF43455AA1}.Debug|Any CPU.Build.0 = Debug|Any CPU
		{167A7663-207A-4584-A0EB-56AF43455AA1}.Release|Any CPU.ActiveCfg = Release|Any CPU
		{167A7663-207A-4584-A0EB-56AF43455AA1}.Release|Any CPU.Build.0 = Release|Any CPU
		{CDC4ACEF-51D4-4502-9C38-F0809959B394}.Debug|Any CPU.ActiveCfg = Debug|Any CPU
		{CDC4ACEF-51D4-4502-9C38-F0809959B394}.Debug|Any CPU.Build.0 = Debug|Any CPU
		{CDC4ACEF-51D4-4502-9C38-F0809959B394}.Release|Any CPU.ActiveCfg = Release|Any CPU
		{CDC4ACEF-51D4-4502-9C38-F0809959B394}.Release|Any CPU.Build.0 = Release|Any CPU
		{0BB15B31-824E-4D86-8D4B-8985B36D9890}.Debug|Any CPU.ActiveCfg = Debug|Any CPU
		{0BB15B31-824E-4D86-8D4B-8985B36D9890}.Debug|Any CPU.Build.0 = Debug|Any CPU
		{0BB15B31-824E-4D86-8D4B-8985B36D9890}.Release|Any CPU.ActiveCfg = Release|Any CPU
		{0BB15B31-824E-4D86-8D4B-8985B36D9890}.Release|Any CPU.Build.0 = Release|Any CPU
		{1CFAA111-7BBF-4E28-8088-D0967F25C502}.Debug|Any CPU.ActiveCfg = Debug|Any CPU
		{1CFAA111-7BBF-4E28-8088-D0967F25C502}.Debug|Any CPU.Build.0 = Debug|Any CPU
		{1CFAA111-7BBF-4E28-8088-D0967F25C502}.Release|Any CPU.ActiveCfg = Release|Any CPU
		{1CFAA111-7BBF-4E28-8088-D0967F25C502}.Release|Any CPU.Build.0 = Release|Any CPU
		{5BE825E4-57B9-442A-BBF2-289F7940028E}.Debug|Any CPU.ActiveCfg = Debug|Any CPU
		{5BE825E4-57B9-442A-BBF2-289F7940028E}.Debug|Any CPU.Build.0 = Debug|Any CPU
		{5BE825E4-57B9-442A-BBF2-289F7940028E}.Release|Any CPU.ActiveCfg = Release|Any CPU
		{5BE825E4-57B9-442A-BBF2-289F7940028E}.Release|Any CPU.Build.0 = Release|Any CPU
		{E43E4328-FFC8-499C-B1F1-19160101E9D3}.Debug|Any CPU.ActiveCfg = Debug|Any CPU
		{E43E4328-FFC8-499C-B1F1-19160101E9D3}.Debug|Any CPU.Build.0 = Debug|Any CPU
		{E43E4328-FFC8-499C-B1F1-19160101E9D3}.Release|Any CPU.ActiveCfg = Release|Any CPU
		{E43E4328-FFC8-499C-B1F1-19160101E9D3}.Release|Any CPU.Build.0 = Release|Any CPU
		{C23C0E3C-7B15-47AF-B358-77592BACEEAF}.Debug|Any CPU.ActiveCfg = Debug|Any CPU
		{C23C0E3C-7B15-47AF-B358-77592BACEEAF}.Debug|Any CPU.Build.0 = Debug|Any CPU
		{C23C0E3C-7B15-47AF-B358-77592BACEEAF}.Release|Any CPU.ActiveCfg = Release|Any CPU
		{C23C0E3C-7B15-47AF-B358-77592BACEEAF}.Release|Any CPU.Build.0 = Release|Any CPU
	EndGlobalSection
	GlobalSection(SolutionProperties) = preSolution
		HideSolutionNode = FALSE
	EndGlobalSection
	GlobalSection(NestedProjects) = preSolution
		{D3BCD896-7593-4CD8-94B5-7636D4061A00} = {A0E99799-02A6-4A90-ACF9-594AE69FBE67}
		{D7F2FBA3-281E-432D-96D8-7E6FBF1147F7} = {A0E99799-02A6-4A90-ACF9-594AE69FBE67}
		{0A39E208-7927-41BC-A509-39E60B287969} = {A0E99799-02A6-4A90-ACF9-594AE69FBE67}
		{167A7663-207A-4584-A0EB-56AF43455AA1} = {FC3F8872-CBA8-42C0-BD8E-8F8A946CBC50}
		{CDC4ACEF-51D4-4502-9C38-F0809959B394} = {FC3F8872-CBA8-42C0-BD8E-8F8A946CBC50}
		{0BB15B31-824E-4D86-8D4B-8985B36D9890} = {FC3F8872-CBA8-42C0-BD8E-8F8A946CBC50}
		{1CFAA111-7BBF-4E28-8088-D0967F25C502} = {FC3F8872-CBA8-42C0-BD8E-8F8A946CBC50}
		{5BE825E4-57B9-442A-BBF2-289F7940028E} = {FC3F8872-CBA8-42C0-BD8E-8F8A946CBC50}
		{E43E4328-FFC8-499C-B1F1-19160101E9D3} = {A0E99799-02A6-4A90-ACF9-594AE69FBE67}
		{C23C0E3C-7B15-47AF-B358-77592BACEEAF} = {A0E99799-02A6-4A90-ACF9-594AE69FBE67}
	EndGlobalSection
	GlobalSection(ExtensibilityGlobals) = postSolution
		SolutionGuid = {E9FF76CD-E2BD-4A81-93B6-6EBCF2CEC566}
	EndGlobalSection
EndGlobal
